
Microsoft Visual Studio Solution File, Format Version 12.00
# Visual Studio 15
VisualStudioVersion = 15.0.27130.2027
MinimumVisualStudioVersion = 10.0.40219.1
Project("{9A19103F-16F7-4668-BE54-9A1E7A4F7556}") = "NetLib.Core", "NetLib.Core\NetLib.Core.csproj", "{47B49092-1690-4962-A73A-E650FD989B53}"
EndProject
Project("{2150E333-8FDC-42A3-9474-1A3956D46DE8}") = "Tests", "Tests", "{74A37FB3-39B2-4114-A5F4-62523526A9F8}"
EndProject
Project("{9A19103F-16F7-4668-BE54-9A1E7A4F7556}") = "NetLib.Core.Test", "Tests\NetLib.Core.Test\NetLib.Core.Test.csproj", "{E39D43D9-E4B8-4F89-B414-F19A0A0B4FBA}"
EndProject
Project("{9A19103F-16F7-4668-BE54-9A1E7A4F7556}") = "NetLib.Core.IO", "NetLib.Core.IO\NetLib.Core.IO.csproj", "{EA6DBC4F-0BC8-4A52-AA7D-1D14C7E35C17}"
EndProject
Project("{9A19103F-16F7-4668-BE54-9A1E7A4F7556}") = "NetLib.Core.Framework", "NetLib.Core.Framework\NetLib.Core.Framework.csproj", "{0563121F-A92A-4D92-AE8D-0438529EF8BA}"
EndProject
Project("{9A19103F-16F7-4668-BE54-9A1E7A4F7556}") = "NetLib.Core.Serialization", "NetLib.Core.Serialization\NetLib.Core.Serialization.csproj", "{75E44998-1BEC-4371-9C96-3607C3792646}"
EndProject
Project("{FAE04EC0-301F-11D3-BF4B-00C04F79EFBC}") = "NetLib.Core.Windows", "NetLib.Core.Windows\NetLib.Core.Windows.csproj", "{B8861CD6-E250-40DC-A21D-61682A2D21F2}"
EndProject
Project("{FAE04EC0-301F-11D3-BF4B-00C04F79EFBC}") = "NetLib.Core.Wpf", "NetLib.Core.Wpf\NetLib.Core.Wpf.csproj", "{668B7CB0-6F89-4D51-9ADA-380D5864F42F}"
EndProject
Project("{9A19103F-16F7-4668-BE54-9A1E7A4F7556}") = "NetLib.Core.Reflection", "NetLib.Core.Reflection\NetLib.Core.Reflection.csproj", "{BEB3F390-2D16-4AF4-86CA-F1B2765929C3}"
EndProject
Project("{FAE04EC0-301F-11D3-BF4B-00C04F79EFBC}") = "NetLib.Core.Net", "NetLib.Core.Net\NetLib.Core.Net.csproj", "{79A8B113-0E28-44BC-A011-4FFA4B3AF291}"
EndProject
Global
	GlobalSection(SolutionConfigurationPlatforms) = preSolution
		Debug|Any CPU = Debug|Any CPU
		Release|Any CPU = Release|Any CPU
	EndGlobalSection
	GlobalSection(ProjectConfigurationPlatforms) = postSolution
		{47B49092-1690-4962-A73A-E650FD989B53}.Debug|Any CPU.ActiveCfg = Debug|Any CPU
		{47B49092-1690-4962-A73A-E650FD989B53}.Debug|Any CPU.Build.0 = Debug|Any CPU
		{47B49092-1690-4962-A73A-E650FD989B53}.Release|Any CPU.ActiveCfg = Release|Any CPU
		{47B49092-1690-4962-A73A-E650FD989B53}.Release|Any CPU.Build.0 = Release|Any CPU
		{E39D43D9-E4B8-4F89-B414-F19A0A0B4FBA}.Debug|Any CPU.ActiveCfg = Debug|Any CPU
		{E39D43D9-E4B8-4F89-B414-F19A0A0B4FBA}.Debug|Any CPU.Build.0 = Debug|Any CPU
		{E39D43D9-E4B8-4F89-B414-F19A0A0B4FBA}.Release|Any CPU.ActiveCfg = Release|Any CPU
		{E39D43D9-E4B8-4F89-B414-F19A0A0B4FBA}.Release|Any CPU.Build.0 = Release|Any CPU
		{EA6DBC4F-0BC8-4A52-AA7D-1D14C7E35C17}.Debug|Any CPU.ActiveCfg = Debug|Any CPU
		{EA6DBC4F-0BC8-4A52-AA7D-1D14C7E35C17}.Debug|Any CPU.Build.0 = Debug|Any CPU
		{EA6DBC4F-0BC8-4A52-AA7D-1D14C7E35C17}.Release|Any CPU.ActiveCfg = Release|Any CPU
		{EA6DBC4F-0BC8-4A52-AA7D-1D14C7E35C17}.Release|Any CPU.Build.0 = Release|Any CPU
		{0563121F-A92A-4D92-AE8D-0438529EF8BA}.Debug|Any CPU.ActiveCfg = Debug|Any CPU
		{0563121F-A92A-4D92-AE8D-0438529EF8BA}.Debug|Any CPU.Build.0 = Debug|Any CPU
		{0563121F-A92A-4D92-AE8D-0438529EF8BA}.Release|Any CPU.ActiveCfg = Release|Any CPU
		{0563121F-A92A-4D92-AE8D-0438529EF8BA}.Release|Any CPU.Build.0 = Release|Any CPU
		{75E44998-1BEC-4371-9C96-3607C3792646}.Debug|Any CPU.ActiveCfg = Debug|Any CPU
		{75E44998-1BEC-4371-9C96-3607C3792646}.Debug|Any CPU.Build.0 = Debug|Any CPU
		{75E44998-1BEC-4371-9C96-3607C3792646}.Release|Any CPU.ActiveCfg = Release|Any CPU
		{75E44998-1BEC-4371-9C96-3607C3792646}.Release|Any CPU.Build.0 = Release|Any CPU
		{B8861CD6-E250-40DC-A21D-61682A2D21F2}.Debug|Any CPU.ActiveCfg = Debug|Any CPU
		{B8861CD6-E250-40DC-A21D-61682A2D21F2}.Debug|Any CPU.Build.0 = Debug|Any CPU
		{B8861CD6-E250-40DC-A21D-61682A2D21F2}.Release|Any CPU.ActiveCfg = Release|Any CPU
		{B8861CD6-E250-40DC-A21D-61682A2D21F2}.Release|Any CPU.Build.0 = Release|Any CPU
		{668B7CB0-6F89-4D51-9ADA-380D5864F42F}.Debug|Any CPU.ActiveCfg = Debug|Any CPU
		{668B7CB0-6F89-4D51-9ADA-380D5864F42F}.Debug|Any CPU.Build.0 = Debug|Any CPU
		{668B7CB0-6F89-4D51-9ADA-380D5864F42F}.Release|Any CPU.ActiveCfg = Release|Any CPU
		{668B7CB0-6F89-4D51-9ADA-380D5864F42F}.Release|Any CPU.Build.0 = Release|Any CPU
		{BEB3F390-2D16-4AF4-86CA-F1B2765929C3}.Debug|Any CPU.ActiveCfg = Debug|Any CPU
		{BEB3F390-2D16-4AF4-86CA-F1B2765929C3}.Debug|Any CPU.Build.0 = Debug|Any CPU
		{BEB3F390-2D16-4AF4-86CA-F1B2765929C3}.Release|Any CPU.ActiveCfg = Release|Any CPU
		{BEB3F390-2D16-4AF4-86CA-F1B2765929C3}.Release|Any CPU.Build.0 = Release|Any CPU
		{79A8B113-0E28-44BC-A011-4FFA4B3AF291}.Debug|Any CPU.ActiveCfg = Debug|Any CPU
		{79A8B113-0E28-44BC-A011-4FFA4B3AF291}.Debug|Any CPU.Build.0 = Debug|Any CPU
		{79A8B113-0E28-44BC-A011-4FFA4B3AF291}.Release|Any CPU.ActiveCfg = Release|Any CPU
		{79A8B113-0E28-44BC-A011-4FFA4B3AF291}.Release|Any CPU.Build.0 = Release|Any CPU
	EndGlobalSection
	GlobalSection(SolutionProperties) = preSolution
		HideSolutionNode = FALSE
	EndGlobalSection
	GlobalSection(NestedProjects) = preSolution
		{E39D43D9-E4B8-4F89-B414-F19A0A0B4FBA} = {74A37FB3-39B2-4114-A5F4-62523526A9F8}
	EndGlobalSection
	GlobalSection(ExtensibilityGlobals) = postSolution
		SolutionGuid = {30D6F1D4-BA37-4BCA-BE9E-EE656A4BC55F}
	EndGlobalSection
EndGlobal
